
Microsoft Visual Studio Solution File, Format Version 12.00
# Visual Studio Version 17
VisualStudioVersion = 17.14.36717.8 d17.14
MinimumVisualStudioVersion = 10.0.40219.1
Project("{888888A0-9F3D-457C-B088-3A5042F75D52}") = "booksharing", "booksharing.pyproj", "{8A4D1DC9-740E-4AD6-AEEF-CE4EF03F7364}"
EndProject
Global
	GlobalSection(SolutionConfigurationPlatforms) = preSolution
		Debug|Any CPU = Debug|Any CPU
		Release|Any CPU = Release|Any CPU
	EndGlobalSection
	GlobalSection(ProjectConfigurationPlatforms) = postSolution
		{8A4D1DC9-740E-4AD6-AEEF-CE4EF03F7364}.Debug|Any CPU.ActiveCfg = Debug|Any CPU
		{8A4D1DC9-740E-4AD6-AEEF-CE4EF03F7364}.Release|Any CPU.ActiveCfg = Release|Any CPU
	EndGlobalSection
	GlobalSection(SolutionProperties) = preSolution
		HideSolutionNode = FALSE
	EndGlobalSection
	GlobalSection(ExtensibilityGlobals) = postSolution
		SolutionGuid = {70C2566B-CA42-401B-BE2F-D3BBB9CC58A5}
	EndGlobalSection
EndGlobal
